
Microsoft Visual Studio Solution File, Format Version 12.00
# Visual Studio Version 16
VisualStudioVersion = 16.0.29209.62
MinimumVisualStudioVersion = 10.0.40219.1
Project("{2150E333-8FDC-42A3-9474-1A3956D46DE8}") = "CSharp", "CSharp", "{B00114C6-2A6D-4D1A-BA98-56C5C70DC06E}"
EndProject
Project("{2150E333-8FDC-42A3-9474-1A3956D46DE8}") = "Cloud", "Cloud", "{DFC1D495-FE73-4328-8E85-9DBA670FCEB2}"
EndProject
Project("{2150E333-8FDC-42A3-9474-1A3956D46DE8}") = "IOS", "IOS", "{E4832EB6-61A3-4E3A-850B-8C851078FACA}"
EndProject
Project("{2150E333-8FDC-42A3-9474-1A3956D46DE8}") = "L01", "L01", "{CEA369B6-0626-49F0-9B1C-4A073F0C70A8}"
EndProject
Project("{FAE04EC0-301F-11D3-BF4B-00C04F79EFBC}") = "HelloWorld_CMD", "E2\HelloWorld_CMD.csproj", "{963AC8EB-5978-4498-A8AA-B4A4848D45A3}"
EndProject
Project("{FAE04EC0-301F-11D3-BF4B-00C04F79EFBC}") = "ToString_Override", "E3\ToString_Override.csproj", "{C2283B90-688E-4B2E-A82C-91995DDF741B}"
EndProject
Project("{FAE04EC0-301F-11D3-BF4B-00C04F79EFBC}") = "Constructor_GetSet", "E4\Constructor_GetSet.csproj", "{4F96BB00-CCAA-4BE0-B906-0E9BAA34F7DD}"
EndProject
Project("{2150E333-8FDC-42A3-9474-1A3956D46DE8}") = "E05", "E05", "{B1107F2E-1DE4-4AA5-A5E3-D6D15DB04283}"
	ProjectSection(SolutionItems) = preProject
		Opgave01_05.txt = Opgave01_05.txt
	EndProjectSection
EndProject
Project("{FAE04EC0-301F-11D3-BF4B-00C04F79EFBC}") = "ClassLibrary1", "ClassLibrary1\ClassLibrary1.csproj", "{40CAD419-1C1D-4972-9F9B-48CEB1FAB6EA}"
EndProject
Project("{FAE04EC0-301F-11D3-BF4B-00C04F79EFBC}") = "PrimaryProject", "PrimaryProject\PrimaryProject.csproj", "{CBA60622-7F5A-4419-B991-1D42798F05DF}"
EndProject
Project("{2150E333-8FDC-42A3-9474-1A3956D46DE8}") = "E06", "E06", "{FE5E8BD8-0C1B-46B8-B638-A1E41775E577}"
	ProjectSection(SolutionItems) = preProject
		Opgave01_06.txt = Opgave01_06.txt
	EndProjectSection
EndProject
Project("{FAE04EC0-301F-11D3-BF4B-00C04F79EFBC}") = "SortingProject", "ProjectDunno\SortingProject.csproj", "{D4988E75-395E-4E5E-AA62-F54690EFDB36}"
EndProject
Project("{2150E333-8FDC-42A3-9474-1A3956D46DE8}") = "E07", "E07", "{8B2A7755-A7B0-4186-A325-D0A885B13C50}"
	ProjectSection(SolutionItems) = preProject
		Opgave01_07.txt = Opgave01_07.txt
	EndProjectSection
EndProject
Project("{FAE04EC0-301F-11D3-BF4B-00C04F79EFBC}") = "Exercise07", "Exercise7\Exercise07.csproj", "{DFB33207-5317-45E8-BD28-8EA188893AED}"
EndProject
Project("{2150E333-8FDC-42A3-9474-1A3956D46DE8}") = "E08", "E08", "{BB80C7CA-B9ED-4899-92F1-00FEDC2AE05A}"
	ProjectSection(SolutionItems) = preProject
		Opgave01_08.txt = Opgave01_08.txt
	EndProjectSection
EndProject
Project("{FAE04EC0-301F-11D3-BF4B-00C04F79EFBC}") = "Exercise08", "Exercise08\Exercise08.csproj", "{60E9C6FE-DBAD-43A8-9065-F08BD1D4589F}"
EndProject
Project("{2150E333-8FDC-42A3-9474-1A3956D46DE8}") = "E01", "E01", "{2425DEA9-36E2-44E5-8FE2-662C0B1F2E2E}"
	ProjectSection(SolutionItems) = preProject
		Opgave01_01.txt = Opgave01_01.txt
	EndProjectSection
EndProject
Project("{2150E333-8FDC-42A3-9474-1A3956D46DE8}") = "E02", "E02", "{A7903C55-F659-403F-BD44-0D7FDD71A598}"
	ProjectSection(SolutionItems) = preProject
		Opgave01_02.txt = Opgave01_02.txt
	EndProjectSection
EndProject
Project("{2150E333-8FDC-42A3-9474-1A3956D46DE8}") = "E03", "E03", "{FA3EF000-EF10-4214-AE6C-816EB968EACB}"
	ProjectSection(SolutionItems) = preProject
		Opgave01_03.txt = Opgave01_03.txt
	EndProjectSection
EndProject
Project("{2150E333-8FDC-42A3-9474-1A3956D46DE8}") = "E04", "E04", "{4A36BDE6-FDEA-4FA5-BC61-FA30B3169D95}"
	ProjectSection(SolutionItems) = preProject
		Opgave01_04.txt = Opgave01_04.txt
	EndProjectSection
EndProject
Project("{2150E333-8FDC-42A3-9474-1A3956D46DE8}") = "E09", "E09", "{2ED4DD49-B122-43BC-9710-5EE45AAA4B04}"
	ProjectSection(SolutionItems) = preProject
		Opgave01_09.txt = Opgave01_09.txt
	EndProjectSection
EndProject
Project("{2150E333-8FDC-42A3-9474-1A3956D46DE8}") = "L02", "L02", "{FB009B3A-153C-4194-9A83-DF832EC877D0}"
EndProject
Project("{2150E333-8FDC-42A3-9474-1A3956D46DE8}") = "E1", "E1", "{F20638EF-294B-4AB4-A69C-655D1F80B4A7}"
	ProjectSection(SolutionItems) = preProject
		Opgave02_01.txt = Opgave02_01.txt
	EndProjectSection
EndProject
Project("{2150E333-8FDC-42A3-9474-1A3956D46DE8}") = "E2", "E2", "{5C866714-D780-4B02-A545-D1153FCE4AE7}"
	ProjectSection(SolutionItems) = preProject
		Opgave02_02.txt = Opgave02_02.txt
	EndProjectSection
EndProject
Project("{2150E333-8FDC-42A3-9474-1A3956D46DE8}") = "E3", "E3", "{32473697-608B-416A-87AE-47C1404F10F0}"
	ProjectSection(SolutionItems) = preProject
		Opgave02_03.txt = Opgave02_03.txt
	EndProjectSection
EndProject
Project("{2150E333-8FDC-42A3-9474-1A3956D46DE8}") = "E4", "E4", "{FF401492-A003-4ADC-BE55-77EBC77371F2}"
	ProjectSection(SolutionItems) = preProject
		Opgave02_04.txt = Opgave02_04.txt
	EndProjectSection
EndProject
Project("{2150E333-8FDC-42A3-9474-1A3956D46DE8}") = "E5", "E5", "{78A89F99-82D8-4E6E-9C5D-11B9291FBE50}"
	ProjectSection(SolutionItems) = preProject
		Opgave02_05.txt = Opgave02_05.txt
	EndProjectSection
EndProject
Project("{FAE04EC0-301F-11D3-BF4B-00C04F79EFBC}") = "Tabulator", "Tabulator\Tabulator.csproj", "{4927B9A9-0189-433C-9CAE-6356F258DAD5}"
EndProject
Project("{FAE04EC0-301F-11D3-BF4B-00C04F79EFBC}") = "Split", "String.Split\Split.csproj", "{A4589CF2-81CB-4CB2-9BB2-44EE495BF66C}"
EndProject
Project("{FAE04EC0-301F-11D3-BF4B-00C04F79EFBC}") = "Read_A_CSV_File", "Read_A_CSV_File\Read_A_CSV_File.csproj", "{1B2D8C86-50BE-4CE0-AA6C-40E4B191183E}"
EndProject
Project("{FAE04EC0-301F-11D3-BF4B-00C04F79EFBC}") = "SortingWithComparers", "SortingWithComparers\SortingWithComparers.csproj", "{F8BD610E-EDB3-42D7-BBE0-FE465787890D}"
EndProject
Project("{FAE04EC0-301F-11D3-BF4B-00C04F79EFBC}") = "LambdaSort_Or_InterfaceSort", "LambdaSort_Or_InterfaceSort\LambdaSort_Or_InterfaceSort.csproj", "{2DD79198-2FBB-45EC-9251-5F1CECD63471}"
EndProject
Global
	GlobalSection(SolutionConfigurationPlatforms) = preSolution
		Debug|Any CPU = Debug|Any CPU
		Release|Any CPU = Release|Any CPU
	EndGlobalSection
	GlobalSection(ProjectConfigurationPlatforms) = postSolution
		{963AC8EB-5978-4498-A8AA-B4A4848D45A3}.Debug|Any CPU.ActiveCfg = Debug|Any CPU
		{963AC8EB-5978-4498-A8AA-B4A4848D45A3}.Debug|Any CPU.Build.0 = Debug|Any CPU
		{963AC8EB-5978-4498-A8AA-B4A4848D45A3}.Release|Any CPU.ActiveCfg = Release|Any CPU
		{963AC8EB-5978-4498-A8AA-B4A4848D45A3}.Release|Any CPU.Build.0 = Release|Any CPU
		{C2283B90-688E-4B2E-A82C-91995DDF741B}.Debug|Any CPU.ActiveCfg = Debug|Any CPU
		{C2283B90-688E-4B2E-A82C-91995DDF741B}.Debug|Any CPU.Build.0 = Debug|Any CPU
		{C2283B90-688E-4B2E-A82C-91995DDF741B}.Release|Any CPU.ActiveCfg = Release|Any CPU
		{C2283B90-688E-4B2E-A82C-91995DDF741B}.Release|Any CPU.Build.0 = Release|Any CPU
		{4F96BB00-CCAA-4BE0-B906-0E9BAA34F7DD}.Debug|Any CPU.ActiveCfg = Debug|Any CPU
		{4F96BB00-CCAA-4BE0-B906-0E9BAA34F7DD}.Debug|Any CPU.Build.0 = Debug|Any CPU
		{4F96BB00-CCAA-4BE0-B906-0E9BAA34F7DD}.Release|Any CPU.ActiveCfg = Release|Any CPU
		{4F96BB00-CCAA-4BE0-B906-0E9BAA34F7DD}.Release|Any CPU.Build.0 = Release|Any CPU
		{40CAD419-1C1D-4972-9F9B-48CEB1FAB6EA}.Debug|Any CPU.ActiveCfg = Debug|Any CPU
		{40CAD419-1C1D-4972-9F9B-48CEB1FAB6EA}.Debug|Any CPU.Build.0 = Debug|Any CPU
		{40CAD419-1C1D-4972-9F9B-48CEB1FAB6EA}.Release|Any CPU.ActiveCfg = Release|Any CPU
		{40CAD419-1C1D-4972-9F9B-48CEB1FAB6EA}.Release|Any CPU.Build.0 = Release|Any CPU
		{CBA60622-7F5A-4419-B991-1D42798F05DF}.Debug|Any CPU.ActiveCfg = Debug|Any CPU
		{CBA60622-7F5A-4419-B991-1D42798F05DF}.Debug|Any CPU.Build.0 = Debug|Any CPU
		{CBA60622-7F5A-4419-B991-1D42798F05DF}.Release|Any CPU.ActiveCfg = Release|Any CPU
		{CBA60622-7F5A-4419-B991-1D42798F05DF}.Release|Any CPU.Build.0 = Release|Any CPU
		{D4988E75-395E-4E5E-AA62-F54690EFDB36}.Debug|Any CPU.ActiveCfg = Debug|Any CPU
		{D4988E75-395E-4E5E-AA62-F54690EFDB36}.Debug|Any CPU.Build.0 = Debug|Any CPU
		{D4988E75-395E-4E5E-AA62-F54690EFDB36}.Release|Any CPU.ActiveCfg = Release|Any CPU
		{D4988E75-395E-4E5E-AA62-F54690EFDB36}.Release|Any CPU.Build.0 = Release|Any CPU
		{DFB33207-5317-45E8-BD28-8EA188893AED}.Debug|Any CPU.ActiveCfg = Debug|Any CPU
		{DFB33207-5317-45E8-BD28-8EA188893AED}.Debug|Any CPU.Build.0 = Debug|Any CPU
		{DFB33207-5317-45E8-BD28-8EA188893AED}.Release|Any CPU.ActiveCfg = Release|Any CPU
		{DFB33207-5317-45E8-BD28-8EA188893AED}.Release|Any CPU.Build.0 = Release|Any CPU
		{60E9C6FE-DBAD-43A8-9065-F08BD1D4589F}.Debug|Any CPU.ActiveCfg = Debug|Any CPU
		{60E9C6FE-DBAD-43A8-9065-F08BD1D4589F}.Debug|Any CPU.Build.0 = Debug|Any CPU
		{60E9C6FE-DBAD-43A8-9065-F08BD1D4589F}.Release|Any CPU.ActiveCfg = Release|Any CPU
		{60E9C6FE-DBAD-43A8-9065-F08BD1D4589F}.Release|Any CPU.Build.0 = Release|Any CPU
		{4927B9A9-0189-433C-9CAE-6356F258DAD5}.Debug|Any CPU.ActiveCfg = Debug|Any CPU
		{4927B9A9-0189-433C-9CAE-6356F258DAD5}.Debug|Any CPU.Build.0 = Debug|Any CPU
		{4927B9A9-0189-433C-9CAE-6356F258DAD5}.Release|Any CPU.ActiveCfg = Release|Any CPU
		{4927B9A9-0189-433C-9CAE-6356F258DAD5}.Release|Any CPU.Build.0 = Release|Any CPU
		{A4589CF2-81CB-4CB2-9BB2-44EE495BF66C}.Debug|Any CPU.ActiveCfg = Debug|Any CPU
		{A4589CF2-81CB-4CB2-9BB2-44EE495BF66C}.Debug|Any CPU.Build.0 = Debug|Any CPU
		{A4589CF2-81CB-4CB2-9BB2-44EE495BF66C}.Release|Any CPU.ActiveCfg = Release|Any CPU
		{A4589CF2-81CB-4CB2-9BB2-44EE495BF66C}.Release|Any CPU.Build.0 = Release|Any CPU
		{1B2D8C86-50BE-4CE0-AA6C-40E4B191183E}.Debug|Any CPU.ActiveCfg = Debug|Any CPU
		{1B2D8C86-50BE-4CE0-AA6C-40E4B191183E}.Debug|Any CPU.Build.0 = Debug|Any CPU
		{1B2D8C86-50BE-4CE0-AA6C-40E4B191183E}.Release|Any CPU.ActiveCfg = Release|Any CPU
		{1B2D8C86-50BE-4CE0-AA6C-40E4B191183E}.Release|Any CPU.Build.0 = Release|Any CPU
		{F8BD610E-EDB3-42D7-BBE0-FE465787890D}.Debug|Any CPU.ActiveCfg = Debug|Any CPU
		{F8BD610E-EDB3-42D7-BBE0-FE465787890D}.Debug|Any CPU.Build.0 = Debug|Any CPU
		{F8BD610E-EDB3-42D7-BBE0-FE465787890D}.Release|Any CPU.ActiveCfg = Release|Any CPU
		{F8BD610E-EDB3-42D7-BBE0-FE465787890D}.Release|Any CPU.Build.0 = Release|Any CPU
		{2DD79198-2FBB-45EC-9251-5F1CECD63471}.Debug|Any CPU.ActiveCfg = Debug|Any CPU
		{2DD79198-2FBB-45EC-9251-5F1CECD63471}.Debug|Any CPU.Build.0 = Debug|Any CPU
		{2DD79198-2FBB-45EC-9251-5F1CECD63471}.Release|Any CPU.ActiveCfg = Release|Any CPU
		{2DD79198-2FBB-45EC-9251-5F1CECD63471}.Release|Any CPU.Build.0 = Release|Any CPU
	EndGlobalSection
	GlobalSection(SolutionProperties) = preSolution
		HideSolutionNode = FALSE
	EndGlobalSection
	GlobalSection(NestedProjects) = preSolution
		{CEA369B6-0626-49F0-9B1C-4A073F0C70A8} = {B00114C6-2A6D-4D1A-BA98-56C5C70DC06E}
		{963AC8EB-5978-4498-A8AA-B4A4848D45A3} = {A7903C55-F659-403F-BD44-0D7FDD71A598}
		{C2283B90-688E-4B2E-A82C-91995DDF741B} = {FA3EF000-EF10-4214-AE6C-816EB968EACB}
		{4F96BB00-CCAA-4BE0-B906-0E9BAA34F7DD} = {4A36BDE6-FDEA-4FA5-BC61-FA30B3169D95}
		{B1107F2E-1DE4-4AA5-A5E3-D6D15DB04283} = {CEA369B6-0626-49F0-9B1C-4A073F0C70A8}
		{40CAD419-1C1D-4972-9F9B-48CEB1FAB6EA} = {B1107F2E-1DE4-4AA5-A5E3-D6D15DB04283}
		{CBA60622-7F5A-4419-B991-1D42798F05DF} = {B1107F2E-1DE4-4AA5-A5E3-D6D15DB04283}
		{FE5E8BD8-0C1B-46B8-B638-A1E41775E577} = {CEA369B6-0626-49F0-9B1C-4A073F0C70A8}
		{D4988E75-395E-4E5E-AA62-F54690EFDB36} = {FE5E8BD8-0C1B-46B8-B638-A1E41775E577}
		{8B2A7755-A7B0-4186-A325-D0A885B13C50} = {CEA369B6-0626-49F0-9B1C-4A073F0C70A8}
		{DFB33207-5317-45E8-BD28-8EA188893AED} = {8B2A7755-A7B0-4186-A325-D0A885B13C50}
		{BB80C7CA-B9ED-4899-92F1-00FEDC2AE05A} = {CEA369B6-0626-49F0-9B1C-4A073F0C70A8}
		{60E9C6FE-DBAD-43A8-9065-F08BD1D4589F} = {BB80C7CA-B9ED-4899-92F1-00FEDC2AE05A}
		{2425DEA9-36E2-44E5-8FE2-662C0B1F2E2E} = {CEA369B6-0626-49F0-9B1C-4A073F0C70A8}
		{A7903C55-F659-403F-BD44-0D7FDD71A598} = {CEA369B6-0626-49F0-9B1C-4A073F0C70A8}
		{FA3EF000-EF10-4214-AE6C-816EB968EACB} = {CEA369B6-0626-49F0-9B1C-4A073F0C70A8}
		{4A36BDE6-FDEA-4FA5-BC61-FA30B3169D95} = {CEA369B6-0626-49F0-9B1C-4A073F0C70A8}
		{2ED4DD49-B122-43BC-9710-5EE45AAA4B04} = {CEA369B6-0626-49F0-9B1C-4A073F0C70A8}
		{FB009B3A-153C-4194-9A83-DF832EC877D0} = {B00114C6-2A6D-4D1A-BA98-56C5C70DC06E}
		{F20638EF-294B-4AB4-A69C-655D1F80B4A7} = {FB009B3A-153C-4194-9A83-DF832EC877D0}
		{5C866714-D780-4B02-A545-D1153FCE4AE7} = {FB009B3A-153C-4194-9A83-DF832EC877D0}
		{32473697-608B-416A-87AE-47C1404F10F0} = {FB009B3A-153C-4194-9A83-DF832EC877D0}
		{FF401492-A003-4ADC-BE55-77EBC77371F2} = {FB009B3A-153C-4194-9A83-DF832EC877D0}
		{78A89F99-82D8-4E6E-9C5D-11B9291FBE50} = {FB009B3A-153C-4194-9A83-DF832EC877D0}
		{4927B9A9-0189-433C-9CAE-6356F258DAD5} = {F20638EF-294B-4AB4-A69C-655D1F80B4A7}
		{A4589CF2-81CB-4CB2-9BB2-44EE495BF66C} = {5C866714-D780-4B02-A545-D1153FCE4AE7}
		{1B2D8C86-50BE-4CE0-AA6C-40E4B191183E} = {32473697-608B-416A-87AE-47C1404F10F0}
		{F8BD610E-EDB3-42D7-BBE0-FE465787890D} = {FF401492-A003-4ADC-BE55-77EBC77371F2}
		{2DD79198-2FBB-45EC-9251-5F1CECD63471} = {78A89F99-82D8-4E6E-9C5D-11B9291FBE50}
	EndGlobalSection
	GlobalSection(ExtensibilityGlobals) = postSolution
		SolutionGuid = {3829C094-0527-4B01-A528-96F205B3897A}
	EndGlobalSection
EndGlobal
