
Microsoft Visual Studio Solution File, Format Version 12.00
# Visual Studio Version 16
VisualStudioVersion = 16.0.29209.62
MinimumVisualStudioVersion = 10.0.40219.1
Project("{2150E333-8FDC-42A3-9474-1A3956D46DE8}") = "CSharp", "CSharp", "{B00114C6-2A6D-4D1A-BA98-56C5C70DC06E}"
EndProject
Project("{2150E333-8FDC-42A3-9474-1A3956D46DE8}") = "Cloud", "Cloud", "{DFC1D495-FE73-4328-8E85-9DBA670FCEB2}"
EndProject
Project("{2150E333-8FDC-42A3-9474-1A3956D46DE8}") = "IOS", "IOS", "{E4832EB6-61A3-4E3A-850B-8C851078FACA}"
EndProject
Project("{2150E333-8FDC-42A3-9474-1A3956D46DE8}") = "01", "01", "{CEA369B6-0626-49F0-9B1C-4A073F0C70A8}"
EndProject
Project("{2150E333-8FDC-42A3-9474-1A3956D46DE8}") = "02", "02", "{743BED49-FF3F-4AEB-B27D-2EA81E1C797A}"
EndProject
Project("{2150E333-8FDC-42A3-9474-1A3956D46DE8}") = "03", "03", "{014F77F9-9CA4-41E2-8561-1E600BA972D0}"
EndProject
Project("{2150E333-8FDC-42A3-9474-1A3956D46DE8}") = "04", "04", "{ED772960-85CE-48CE-BCF9-D698A400E9A9}"
EndProject
Project("{2150E333-8FDC-42A3-9474-1A3956D46DE8}") = "05", "05", "{1808536B-9F31-4146-909D-D388D1DEF1C9}"
EndProject
Project("{2150E333-8FDC-42A3-9474-1A3956D46DE8}") = "06", "06", "{3811FE53-C955-492D-9D5D-1597126FD832}"
EndProject
Project("{2150E333-8FDC-42A3-9474-1A3956D46DE8}") = "07", "07", "{E4FDB738-F0CC-4F77-84C3-3F0EE092034A}"
EndProject
Project("{2150E333-8FDC-42A3-9474-1A3956D46DE8}") = "08", "08", "{CEDF4C30-2D11-401F-AA7B-91BE3293891E}"
EndProject
Project("{FAE04EC0-301F-11D3-BF4B-00C04F79EFBC}") = "E2", "E2\E2.csproj", "{963AC8EB-5978-4498-A8AA-B4A4848D45A3}"
EndProject
Project("{FAE04EC0-301F-11D3-BF4B-00C04F79EFBC}") = "E3", "E3\E3.csproj", "{C2283B90-688E-4B2E-A82C-91995DDF741B}"
EndProject
Project("{FAE04EC0-301F-11D3-BF4B-00C04F79EFBC}") = "E4", "E4\E4.csproj", "{4F96BB00-CCAA-4BE0-B906-0E9BAA34F7DD}"
EndProject
Project("{FAE04EC0-301F-11D3-BF4B-00C04F79EFBC}") = "E1", "E1\E1.csproj", "{EB5000F2-9394-43CD-8486-304CEFC13F77}"
EndProject
Global
	GlobalSection(SolutionConfigurationPlatforms) = preSolution
		Debug|Any CPU = Debug|Any CPU
		Release|Any CPU = Release|Any CPU
	EndGlobalSection
	GlobalSection(ProjectConfigurationPlatforms) = postSolution
		{963AC8EB-5978-4498-A8AA-B4A4848D45A3}.Debug|Any CPU.ActiveCfg = Debug|Any CPU
		{963AC8EB-5978-4498-A8AA-B4A4848D45A3}.Debug|Any CPU.Build.0 = Debug|Any CPU
		{963AC8EB-5978-4498-A8AA-B4A4848D45A3}.Release|Any CPU.ActiveCfg = Release|Any CPU
		{963AC8EB-5978-4498-A8AA-B4A4848D45A3}.Release|Any CPU.Build.0 = Release|Any CPU
		{C2283B90-688E-4B2E-A82C-91995DDF741B}.Debug|Any CPU.ActiveCfg = Debug|Any CPU
		{C2283B90-688E-4B2E-A82C-91995DDF741B}.Debug|Any CPU.Build.0 = Debug|Any CPU
		{C2283B90-688E-4B2E-A82C-91995DDF741B}.Release|Any CPU.ActiveCfg = Release|Any CPU
		{C2283B90-688E-4B2E-A82C-91995DDF741B}.Release|Any CPU.Build.0 = Release|Any CPU
		{4F96BB00-CCAA-4BE0-B906-0E9BAA34F7DD}.Debug|Any CPU.ActiveCfg = Debug|Any CPU
		{4F96BB00-CCAA-4BE0-B906-0E9BAA34F7DD}.Debug|Any CPU.Build.0 = Debug|Any CPU
		{4F96BB00-CCAA-4BE0-B906-0E9BAA34F7DD}.Release|Any CPU.ActiveCfg = Release|Any CPU
		{4F96BB00-CCAA-4BE0-B906-0E9BAA34F7DD}.Release|Any CPU.Build.0 = Release|Any CPU
		{EB5000F2-9394-43CD-8486-304CEFC13F77}.Debug|Any CPU.ActiveCfg = Debug|Any CPU
		{EB5000F2-9394-43CD-8486-304CEFC13F77}.Debug|Any CPU.Build.0 = Debug|Any CPU
		{EB5000F2-9394-43CD-8486-304CEFC13F77}.Release|Any CPU.ActiveCfg = Release|Any CPU
		{EB5000F2-9394-43CD-8486-304CEFC13F77}.Release|Any CPU.Build.0 = Release|Any CPU
	EndGlobalSection
	GlobalSection(SolutionProperties) = preSolution
		HideSolutionNode = FALSE
	EndGlobalSection
	GlobalSection(NestedProjects) = preSolution
		{CEA369B6-0626-49F0-9B1C-4A073F0C70A8} = {B00114C6-2A6D-4D1A-BA98-56C5C70DC06E}
		{743BED49-FF3F-4AEB-B27D-2EA81E1C797A} = {B00114C6-2A6D-4D1A-BA98-56C5C70DC06E}
		{014F77F9-9CA4-41E2-8561-1E600BA972D0} = {B00114C6-2A6D-4D1A-BA98-56C5C70DC06E}
		{ED772960-85CE-48CE-BCF9-D698A400E9A9} = {B00114C6-2A6D-4D1A-BA98-56C5C70DC06E}
		{1808536B-9F31-4146-909D-D388D1DEF1C9} = {B00114C6-2A6D-4D1A-BA98-56C5C70DC06E}
		{3811FE53-C955-492D-9D5D-1597126FD832} = {B00114C6-2A6D-4D1A-BA98-56C5C70DC06E}
		{E4FDB738-F0CC-4F77-84C3-3F0EE092034A} = {B00114C6-2A6D-4D1A-BA98-56C5C70DC06E}
		{CEDF4C30-2D11-401F-AA7B-91BE3293891E} = {B00114C6-2A6D-4D1A-BA98-56C5C70DC06E}
		{963AC8EB-5978-4498-A8AA-B4A4848D45A3} = {CEA369B6-0626-49F0-9B1C-4A073F0C70A8}
		{C2283B90-688E-4B2E-A82C-91995DDF741B} = {CEA369B6-0626-49F0-9B1C-4A073F0C70A8}
		{4F96BB00-CCAA-4BE0-B906-0E9BAA34F7DD} = {CEA369B6-0626-49F0-9B1C-4A073F0C70A8}
		{EB5000F2-9394-43CD-8486-304CEFC13F77} = {CEA369B6-0626-49F0-9B1C-4A073F0C70A8}
	EndGlobalSection
	GlobalSection(ExtensibilityGlobals) = postSolution
		SolutionGuid = {3829C094-0527-4B01-A528-96F205B3897A}
	EndGlobalSection
EndGlobal
